
Microsoft Visual Studio Solution File, Format Version 12.00
# Visual Studio Version 16
VisualStudioVersion = 16.0.29503.13
MinimumVisualStudioVersion = 10.0.40219.1
Project("{FAE04EC0-301F-11D3-BF4B-00C04F79EFBC}") = "TestGame", "TestGame\TestGame.csproj", "{7225C1D4-02B5-40CF-B1F1-54809C1CA064}"
EndProject
Global
	GlobalSection(SolutionConfigurationPlatforms) = preSolution
		Debug|Any CPU = Debug|Any CPU
		Release|Any CPU = Release|Any CPU
	EndGlobalSection
	GlobalSection(ProjectConfigurationPlatforms) = postSolution
		{7225C1D4-02B5-40CF-B1F1-54809C1CA064}.Debug|Any CPU.ActiveCfg = Debug|Any CPU
		{7225C1D4-02B5-40CF-B1F1-54809C1CA064}.Debug|Any CPU.Build.0 = Debug|Any CPU
		{7225C1D4-02B5-40CF-B1F1-54809C1CA064}.Release|Any CPU.ActiveCfg = Release|Any CPU
		{7225C1D4-02B5-40CF-B1F1-54809C1CA064}.Release|Any CPU.Build.0 = Release|Any CPU
	EndGlobalSection
	GlobalSection(SolutionProperties) = preSolution
		HideSolutionNode = FALSE
	EndGlobalSection
	GlobalSection(ExtensibilityGlobals) = postSolution
		SolutionGuid = {56129DE0-A415-4E19-867C-8B631C0F7C2B}
	EndGlobalSection
EndGlobal
